# This file is automatically @generated by Poetry and should not be changed by hand.

[[package]]
name = "prometheus-client"
version = "0.16.0"
description = "Python client for the Prometheus monitoring system."
category = "main"
optional = false
python-versions = ">=3.6"
files = [
    {file = "prometheus_client-0.16.0-py3-none-any.whl", hash = "sha256:0836af6eb2c8f4fed712b2f279f6c0a8bbab29f9f4aa15276b91c7cb0d1616ab"},
    {file = "prometheus_client-0.16.0.tar.gz", hash = "sha256:a03e35b359f14dd1630898543e2120addfdeacd1a6069c1367ae90fd93ad3f48"},
]

[package.extras]
twisted = ["twisted"]

[metadata]
lock-version = "2.0"
python-versions = "^3.10"
content-hash = "55c5838c5863121fef1d50a8ec9dc6e6ccb61ee6e569a023086336d826859232"
