# This file is automatically @generated by Poetry 1.8.3 and should not be changed by hand.

[[package]]
name = "flake8"
version = "7.1.1"
description = "the modular source code checker: pep8 pyflakes and co"
optional = false
python-versions = "*"
files = []

[[package]]
name = "isort"
version = "5.13.2"
description = "A Python utility / library to sort Python imports."
optional = false
python-versions = "*"
files = []

[[package]]
name = "libgeneric1"
version = "0.4.0"
description = ""
optional = false
python-versions = "==3.9.13"
files = [
    {file = "libgeneric1-0.4.0-py3-none-any.whl", hash = "sha256:a4abd6b7732c24a0fbd6f6db3a1133e6d06521608b11b6815eb90b566143c74e"},
    {file = "libgeneric1-0.4.0.tar.gz", hash = "sha256:5e6aaecc642b1714e8f71a2aa448324ecb0f8e61d128b14dc000ecf26529d344"},
]

[package.source]
type = "legacy"
url = "https://us-central1-python.pkg.dev/blup-432616/libtest/simple"
reference = "gcp"

[metadata]
lock-version = "2.0"
python-versions = "3.9.13"
content-hash = "5f984e6537ebbd750f5612a9e82d7b453108ed44bdfca57eab35fad6da2a712f"
